
Microsoft Visual Studio Solution File, Format Version 12.00
# Visual Studio Version 16
VisualStudioVersion = 16.0.30413.136
MinimumVisualStudioVersion = 10.0.40219.1
Project("{FAE04EC0-301F-11D3-BF4B-00C04F79EFBC}") = "Uppg6", "Uppg6\Uppg6.csproj", "{DC7F518B-B63C-437F-A96D-0627FBD1F49A}"
EndProject
Global
	GlobalSection(SolutionConfigurationPlatforms) = preSolution
		Debug|Any CPU = Debug|Any CPU
		Release|Any CPU = Release|Any CPU
	EndGlobalSection
	GlobalSection(ProjectConfigurationPlatforms) = postSolution
		{DC7F518B-B63C-437F-A96D-0627FBD1F49A}.Debug|Any CPU.ActiveCfg = Debug|Any CPU
		{DC7F518B-B63C-437F-A96D-0627FBD1F49A}.Debug|Any CPU.Build.0 = Debug|Any CPU
		{DC7F518B-B63C-437F-A96D-0627FBD1F49A}.Release|Any CPU.ActiveCfg = Release|Any CPU
		{DC7F518B-B63C-437F-A96D-0627FBD1F49A}.Release|Any CPU.Build.0 = Release|Any CPU
	EndGlobalSection
	GlobalSection(SolutionProperties) = preSolution
		HideSolutionNode = FALSE
	EndGlobalSection
	GlobalSection(ExtensibilityGlobals) = postSolution
		SolutionGuid = {868E2A33-C3A6-47A7-BD83-24F6D9A6DA59}
	EndGlobalSection
EndGlobal
